
Microsoft Visual Studio Solution File, Format Version 12.00
# Visual Studio Version 16
VisualStudioVersion = 16.0.31313.79
MinimumVisualStudioVersion = 10.0.40219.1
Project("{FAE04EC0-301F-11D3-BF4B-00C04F79EFBC}") = "View.GetFileSignature", "View.GetFileSignature\View.GetFileSignature.csproj", "{24F0B6F7-E92F-4BC5-AE47-CA45FFEC667A}"
EndProject
Global
	GlobalSection(SolutionConfigurationPlatforms) = preSolution
		Debug|Any CPU = Debug|Any CPU
		Release|Any CPU = Release|Any CPU
	EndGlobalSection
	GlobalSection(ProjectConfigurationPlatforms) = postSolution
		{24F0B6F7-E92F-4BC5-AE47-CA45FFEC667A}.Debug|Any CPU.ActiveCfg = Debug|Any CPU
		{24F0B6F7-E92F-4BC5-AE47-CA45FFEC667A}.Debug|Any CPU.Build.0 = Debug|Any CPU
		{24F0B6F7-E92F-4BC5-AE47-CA45FFEC667A}.Release|Any CPU.ActiveCfg = Release|Any CPU
		{24F0B6F7-E92F-4BC5-AE47-CA45FFEC667A}.Release|Any CPU.Build.0 = Release|Any CPU
	EndGlobalSection
	GlobalSection(SolutionProperties) = preSolution
		HideSolutionNode = FALSE
	EndGlobalSection
	GlobalSection(ExtensibilityGlobals) = postSolution
		SolutionGuid = {5523E80C-EAEC-405A-84C4-B3C6D2442EC4}
	EndGlobalSection
EndGlobal
